{
  "requires": true,
  "lockfileVersion": 1,
  "dependencies": {
    "zsockets": {
      "version": "1.0.7",
      "resolved": "https://registry.npmjs.org/zsockets/-/zsockets-1.0.7.tgz",
      "integrity": "sha512-LiwWzGkahyrIg5D9RE9EJD1VAPky2R2wh+agC+w74+CeeL/HvALDsJO8i+fQ3B7r/egV0ziRBidIIAApEeslaQ=="
    }
  }
}
